
Microsoft Visual Studio Solution File, Format Version 12.00
# Visual Studio 15
VisualStudioVersion = 15.0.27703.2042
MinimumVisualStudioVersion = 10.0.40219.1
Project("{FAE04EC0-301F-11D3-BF4B-00C04F79EFBC}") = "CTAR_All_Star.Android", "CTAR_All-Star\CTAR_All-Star.Android\CTAR_All_Star.Android.csproj", "{FC86462F-2DFC-4DED-B0AC-B4E7AC303E97}"
EndProject
Project("{FAE04EC0-301F-11D3-BF4B-00C04F79EFBC}") = "CTAR_All_Star.iOS", "CTAR_All-Star\CTAR_All-Star.iOS\CTAR_All_Star.iOS.csproj", "{9FEFAB77-77E8-40AD-836C-D3B2B6823CD9}"
EndProject
Project("{9A19103F-16F7-4668-BE54-9A1E7A4F7556}") = "CTAR_All_Star", "CTAR_All-Star\CTAR_All-Star\CTAR_All_Star.csproj", "{1EAE6F75-DCB7-4042-849D-CF7B0E4E0CEC}"
EndProject
Project("{8BC9CEB8-8B4A-11D0-8D11-00A0C91BC942}") = "Arduino_BLE", "..\..\..\Documents\Arduino\BLE\BLE.vcxproj", "{C5F80730-F44F-4478-BDAE-6634EFC2CA88}"
EndProject
Global
	GlobalSection(SolutionConfigurationPlatforms) = preSolution
		Ad-Hoc|Any CPU = Ad-Hoc|Any CPU
		Ad-Hoc|ARM = Ad-Hoc|ARM
		Ad-Hoc|iPhone = Ad-Hoc|iPhone
		Ad-Hoc|iPhoneSimulator = Ad-Hoc|iPhoneSimulator
		Ad-Hoc|x64 = Ad-Hoc|x64
		Ad-Hoc|x86 = Ad-Hoc|x86
		AppStore|Any CPU = AppStore|Any CPU
		AppStore|ARM = AppStore|ARM
		AppStore|iPhone = AppStore|iPhone
		AppStore|iPhoneSimulator = AppStore|iPhoneSimulator
		AppStore|x64 = AppStore|x64
		AppStore|x86 = AppStore|x86
		Debug|Any CPU = Debug|Any CPU
		Debug|ARM = Debug|ARM
		Debug|iPhone = Debug|iPhone
		Debug|iPhoneSimulator = Debug|iPhoneSimulator
		Debug|x64 = Debug|x64
		Debug|x86 = Debug|x86
		Release|Any CPU = Release|Any CPU
		Release|ARM = Release|ARM
		Release|iPhone = Release|iPhone
		Release|iPhoneSimulator = Release|iPhoneSimulator
		Release|x64 = Release|x64
		Release|x86 = Release|x86
	EndGlobalSection
	GlobalSection(ProjectConfigurationPlatforms) = postSolution
		{FC86462F-2DFC-4DED-B0AC-B4E7AC303E97}.Ad-Hoc|Any CPU.ActiveCfg = Release|Any CPU
		{FC86462F-2DFC-4DED-B0AC-B4E7AC303E97}.Ad-Hoc|Any CPU.Build.0 = Release|Any CPU
		{FC86462F-2DFC-4DED-B0AC-B4E7AC303E97}.Ad-Hoc|Any CPU.Deploy.0 = Release|Any CPU
		{FC86462F-2DFC-4DED-B0AC-B4E7AC303E97}.Ad-Hoc|ARM.ActiveCfg = Release|Any CPU
		{FC86462F-2DFC-4DED-B0AC-B4E7AC303E97}.Ad-Hoc|ARM.Build.0 = Release|Any CPU
		{FC86462F-2DFC-4DED-B0AC-B4E7AC303E97}.Ad-Hoc|ARM.Deploy.0 = Release|Any CPU
		{FC86462F-2DFC-4DED-B0AC-B4E7AC303E97}.Ad-Hoc|iPhone.ActiveCfg = Release|Any CPU
		{FC86462F-2DFC-4DED-B0AC-B4E7AC303E97}.Ad-Hoc|iPhone.Build.0 = Release|Any CPU
		{FC86462F-2DFC-4DED-B0AC-B4E7AC303E97}.Ad-Hoc|iPhone.Deploy.0 = Release|Any CPU
		{FC86462F-2DFC-4DED-B0AC-B4E7AC303E97}.Ad-Hoc|iPhoneSimulator.ActiveCfg = Release|Any CPU
		{FC86462F-2DFC-4DED-B0AC-B4E7AC303E97}.Ad-Hoc|iPhoneSimulator.Build.0 = Release|Any CPU
		{FC86462F-2DFC-4DED-B0AC-B4E7AC303E97}.Ad-Hoc|iPhoneSimulator.Deploy.0 = Release|Any CPU
		{FC86462F-2DFC-4DED-B0AC-B4E7AC303E97}.Ad-Hoc|x64.ActiveCfg = Release|Any CPU
		{FC86462F-2DFC-4DED-B0AC-B4E7AC303E97}.Ad-Hoc|x64.Build.0 = Release|Any CPU
		{FC86462F-2DFC-4DED-B0AC-B4E7AC303E97}.Ad-Hoc|x64.Deploy.0 = Release|Any CPU
		{FC86462F-2DFC-4DED-B0AC-B4E7AC303E97}.Ad-Hoc|x86.ActiveCfg = Release|Any CPU
		{FC86462F-2DFC-4DED-B0AC-B4E7AC303E97}.Ad-Hoc|x86.Build.0 = Release|Any CPU
		{FC86462F-2DFC-4DED-B0AC-B4E7AC303E97}.Ad-Hoc|x86.Deploy.0 = Release|Any CPU
		{FC86462F-2DFC-4DED-B0AC-B4E7AC303E97}.AppStore|Any CPU.ActiveCfg = Release|Any CPU
		{FC86462F-2DFC-4DED-B0AC-B4E7AC303E97}.AppStore|Any CPU.Build.0 = Release|Any CPU
		{FC86462F-2DFC-4DED-B0AC-B4E7AC303E97}.AppStore|Any CPU.Deploy.0 = Release|Any CPU
		{FC86462F-2DFC-4DED-B0AC-B4E7AC303E97}.AppStore|ARM.ActiveCfg = Release|Any CPU
		{FC86462F-2DFC-4DED-B0AC-B4E7AC303E97}.AppStore|ARM.Build.0 = Release|Any CPU
		{FC86462F-2DFC-4DED-B0AC-B4E7AC303E97}.AppStore|ARM.Deploy.0 = Release|Any CPU
		{FC86462F-2DFC-4DED-B0AC-B4E7AC303E97}.AppStore|iPhone.ActiveCfg = Release|Any CPU
		{FC86462F-2DFC-4DED-B0AC-B4E7AC303E97}.AppStore|iPhone.Build.0 = Release|Any CPU
		{FC86462F-2DFC-4DED-B0AC-B4E7AC303E97}.AppStore|iPhone.Deploy.0 = Release|Any CPU
		{FC86462F-2DFC-4DED-B0AC-B4E7AC303E97}.AppStore|iPhoneSimulator.ActiveCfg = Release|Any CPU
		{FC86462F-2DFC-4DED-B0AC-B4E7AC303E97}.AppStore|iPhoneSimulator.Build.0 = Release|Any CPU
		{FC86462F-2DFC-4DED-B0AC-B4E7AC303E97}.AppStore|iPhoneSimulator.Deploy.0 = Release|Any CPU
		{FC86462F-2DFC-4DED-B0AC-B4E7AC303E97}.AppStore|x64.ActiveCfg = Release|Any CPU
		{FC86462F-2DFC-4DED-B0AC-B4E7AC303E97}.AppStore|x64.Build.0 = Release|Any CPU
		{FC86462F-2DFC-4DED-B0AC-B4E7AC303E97}.AppStore|x64.Deploy.0 = Release|Any CPU
		{FC86462F-2DFC-4DED-B0AC-B4E7AC303E97}.AppStore|x86.ActiveCfg = Release|Any CPU
		{FC86462F-2DFC-4DED-B0AC-B4E7AC303E97}.AppStore|x86.Build.0 = Release|Any CPU
		{FC86462F-2DFC-4DED-B0AC-B4E7AC303E97}.AppStore|x86.Deploy.0 = Release|Any CPU
		{FC86462F-2DFC-4DED-B0AC-B4E7AC303E97}.Debug|Any CPU.ActiveCfg = Debug|Any CPU
		{FC86462F-2DFC-4DED-B0AC-B4E7AC303E97}.Debug|Any CPU.Build.0 = Debug|Any CPU
		{FC86462F-2DFC-4DED-B0AC-B4E7AC303E97}.Debug|Any CPU.Deploy.0 = Debug|Any CPU
		{FC86462F-2DFC-4DED-B0AC-B4E7AC303E97}.Debug|ARM.ActiveCfg = Debug|Any CPU
		{FC86462F-2DFC-4DED-B0AC-B4E7AC303E97}.Debug|ARM.Build.0 = Debug|Any CPU
		{FC86462F-2DFC-4DED-B0AC-B4E7AC303E97}.Debug|ARM.Deploy.0 = Debug|Any CPU
		{FC86462F-2DFC-4DED-B0AC-B4E7AC303E97}.Debug|iPhone.ActiveCfg = Debug|Any CPU
		{FC86462F-2DFC-4DED-B0AC-B4E7AC303E97}.Debug|iPhone.Build.0 = Debug|Any CPU
		{FC86462F-2DFC-4DED-B0AC-B4E7AC303E97}.Debug|iPhone.Deploy.0 = Debug|Any CPU
		{FC86462F-2DFC-4DED-B0AC-B4E7AC303E97}.Debug|iPhoneSimulator.ActiveCfg = Debug|Any CPU
		{FC86462F-2DFC-4DED-B0AC-B4E7AC303E97}.Debug|iPhoneSimulator.Build.0 = Debug|Any CPU
		{FC86462F-2DFC-4DED-B0AC-B4E7AC303E97}.Debug|iPhoneSimulator.Deploy.0 = Debug|Any CPU
		{FC86462F-2DFC-4DED-B0AC-B4E7AC303E97}.Debug|x64.ActiveCfg = Debug|Any CPU
		{FC86462F-2DFC-4DED-B0AC-B4E7AC303E97}.Debug|x64.Build.0 = Debug|Any CPU
		{FC86462F-2DFC-4DED-B0AC-B4E7AC303E97}.Debug|x64.Deploy.0 = Debug|Any CPU
		{FC86462F-2DFC-4DED-B0AC-B4E7AC303E97}.Debug|x86.ActiveCfg = Debug|Any CPU
		{FC86462F-2DFC-4DED-B0AC-B4E7AC303E97}.Debug|x86.Build.0 = Debug|Any CPU
		{FC86462F-2DFC-4DED-B0AC-B4E7AC303E97}.Debug|x86.Deploy.0 = Debug|Any CPU
		{FC86462F-2DFC-4DED-B0AC-B4E7AC303E97}.Release|Any CPU.ActiveCfg = Release|Any CPU
		{FC86462F-2DFC-4DED-B0AC-B4E7AC303E97}.Release|Any CPU.Build.0 = Release|Any CPU
		{FC86462F-2DFC-4DED-B0AC-B4E7AC303E97}.Release|Any CPU.Deploy.0 = Release|Any CPU
		{FC86462F-2DFC-4DED-B0AC-B4E7AC303E97}.Release|ARM.ActiveCfg = Release|Any CPU
		{FC86462F-2DFC-4DED-B0AC-B4E7AC303E97}.Release|ARM.Build.0 = Release|Any CPU
		{FC86462F-2DFC-4DED-B0AC-B4E7AC303E97}.Release|ARM.Deploy.0 = Release|Any CPU
		{FC86462F-2DFC-4DED-B0AC-B4E7AC303E97}.Release|iPhone.ActiveCfg = Release|Any CPU
		{FC86462F-2DFC-4DED-B0AC-B4E7AC303E97}.Release|iPhone.Build.0 = Release|Any CPU
		{FC86462F-2DFC-4DED-B0AC-B4E7AC303E97}.Release|iPhone.Deploy.0 = Release|Any CPU
		{FC86462F-2DFC-4DED-B0AC-B4E7AC303E97}.Release|iPhoneSimulator.ActiveCfg = Release|Any CPU
		{FC86462F-2DFC-4DED-B0AC-B4E7AC303E97}.Release|iPhoneSimulator.Build.0 = Release|Any CPU
		{FC86462F-2DFC-4DED-B0AC-B4E7AC303E97}.Release|iPhoneSimulator.Deploy.0 = Release|Any CPU
		{FC86462F-2DFC-4DED-B0AC-B4E7AC303E97}.Release|x64.ActiveCfg = Release|Any CPU
		{FC86462F-2DFC-4DED-B0AC-B4E7AC303E97}.Release|x64.Build.0 = Release|Any CPU
		{FC86462F-2DFC-4DED-B0AC-B4E7AC303E97}.Release|x64.Deploy.0 = Release|Any CPU
		{FC86462F-2DFC-4DED-B0AC-B4E7AC303E97}.Release|x86.ActiveCfg = Release|Any CPU
		{FC86462F-2DFC-4DED-B0AC-B4E7AC303E97}.Release|x86.Build.0 = Release|Any CPU
		{FC86462F-2DFC-4DED-B0AC-B4E7AC303E97}.Release|x86.Deploy.0 = Release|Any CPU
		{9FEFAB77-77E8-40AD-836C-D3B2B6823CD9}.Ad-Hoc|Any CPU.ActiveCfg = Ad-Hoc|iPhone
		{9FEFAB77-77E8-40AD-836C-D3B2B6823CD9}.Ad-Hoc|Any CPU.Build.0 = Ad-Hoc|iPhone
		{9FEFAB77-77E8-40AD-836C-D3B2B6823CD9}.Ad-Hoc|Any CPU.Deploy.0 = Ad-Hoc|iPhone
		{9FEFAB77-77E8-40AD-836C-D3B2B6823CD9}.Ad-Hoc|ARM.ActiveCfg = Ad-Hoc|iPhone
		{9FEFAB77-77E8-40AD-836C-D3B2B6823CD9}.Ad-Hoc|ARM.Build.0 = Ad-Hoc|iPhone
		{9FEFAB77-77E8-40AD-836C-D3B2B6823CD9}.Ad-Hoc|ARM.Deploy.0 = Ad-Hoc|iPhone
		{9FEFAB77-77E8-40AD-836C-D3B2B6823CD9}.Ad-Hoc|iPhone.ActiveCfg = Ad-Hoc|iPhone
		{9FEFAB77-77E8-40AD-836C-D3B2B6823CD9}.Ad-Hoc|iPhone.Build.0 = Ad-Hoc|iPhone
		{9FEFAB77-77E8-40AD-836C-D3B2B6823CD9}.Ad-Hoc|iPhone.Deploy.0 = Ad-Hoc|iPhone
		{9FEFAB77-77E8-40AD-836C-D3B2B6823CD9}.Ad-Hoc|iPhoneSimulator.ActiveCfg = Ad-Hoc|iPhoneSimulator
		{9FEFAB77-77E8-40AD-836C-D3B2B6823CD9}.Ad-Hoc|iPhoneSimulator.Build.0 = Ad-Hoc|iPhoneSimulator
		{9FEFAB77-77E8-40AD-836C-D3B2B6823CD9}.Ad-Hoc|iPhoneSimulator.Deploy.0 = Ad-Hoc|iPhoneSimulator
		{9FEFAB77-77E8-40AD-836C-D3B2B6823CD9}.Ad-Hoc|x64.ActiveCfg = Ad-Hoc|iPhone
		{9FEFAB77-77E8-40AD-836C-D3B2B6823CD9}.Ad-Hoc|x64.Build.0 = Ad-Hoc|iPhone
		{9FEFAB77-77E8-40AD-836C-D3B2B6823CD9}.Ad-Hoc|x64.Deploy.0 = Ad-Hoc|iPhone
		{9FEFAB77-77E8-40AD-836C-D3B2B6823CD9}.Ad-Hoc|x86.ActiveCfg = Ad-Hoc|iPhone
		{9FEFAB77-77E8-40AD-836C-D3B2B6823CD9}.Ad-Hoc|x86.Build.0 = Ad-Hoc|iPhone
		{9FEFAB77-77E8-40AD-836C-D3B2B6823CD9}.Ad-Hoc|x86.Deploy.0 = Ad-Hoc|iPhone
		{9FEFAB77-77E8-40AD-836C-D3B2B6823CD9}.AppStore|Any CPU.ActiveCfg = AppStore|iPhone
		{9FEFAB77-77E8-40AD-836C-D3B2B6823CD9}.AppStore|Any CPU.Build.0 = AppStore|iPhone
		{9FEFAB77-77E8-40AD-836C-D3B2B6823CD9}.AppStore|Any CPU.Deploy.0 = AppStore|iPhone
		{9FEFAB77-77E8-40AD-836C-D3B2B6823CD9}.AppStore|ARM.ActiveCfg = AppStore|iPhone
		{9FEFAB77-77E8-40AD-836C-D3B2B6823CD9}.AppStore|ARM.Build.0 = AppStore|iPhone
		{9FEFAB77-77E8-40AD-836C-D3B2B6823CD9}.AppStore|ARM.Deploy.0 = AppStore|iPhone
		{9FEFAB77-77E8-40AD-836C-D3B2B6823CD9}.AppStore|iPhone.ActiveCfg = AppStore|iPhone
		{9FEFAB77-77E8-40AD-836C-D3B2B6823CD9}.AppStore|iPhone.Build.0 = AppStore|iPhone
		{9FEFAB77-77E8-40AD-836C-D3B2B6823CD9}.AppStore|iPhone.Deploy.0 = AppStore|iPhone
		{9FEFAB77-77E8-40AD-836C-D3B2B6823CD9}.AppStore|iPhoneSimulator.ActiveCfg = AppStore|iPhoneSimulator
		{9FEFAB77-77E8-40AD-836C-D3B2B6823CD9}.AppStore|iPhoneSimulator.Build.0 = AppStore|iPhoneSimulator
		{9FEFAB77-77E8-40AD-836C-D3B2B6823CD9}.AppStore|iPhoneSimulator.Deploy.0 = AppStore|iPhoneSimulator
		{9FEFAB77-77E8-40AD-836C-D3B2B6823CD9}.AppStore|x64.ActiveCfg = AppStore|iPhone
		{9FEFAB77-77E8-40AD-836C-D3B2B6823CD9}.AppStore|x64.Build.0 = AppStore|iPhone
		{9FEFAB77-77E8-40AD-836C-D3B2B6823CD9}.AppStore|x64.Deploy.0 = AppStore|iPhone
		{9FEFAB77-77E8-40AD-836C-D3B2B6823CD9}.AppStore|x86.ActiveCfg = AppStore|iPhone
		{9FEFAB77-77E8-40AD-836C-D3B2B6823CD9}.AppStore|x86.Build.0 = AppStore|iPhone
		{9FEFAB77-77E8-40AD-836C-D3B2B6823CD9}.AppStore|x86.Deploy.0 = AppStore|iPhone
		{9FEFAB77-77E8-40AD-836C-D3B2B6823CD9}.Debug|Any CPU.ActiveCfg = Debug|iPhoneSimulator
		{9FEFAB77-77E8-40AD-836C-D3B2B6823CD9}.Debug|Any CPU.Build.0 = Debug|iPhoneSimulator
		{9FEFAB77-77E8-40AD-836C-D3B2B6823CD9}.Debug|Any CPU.Deploy.0 = Debug|iPhoneSimulator
		{9FEFAB77-77E8-40AD-836C-D3B2B6823CD9}.Debug|ARM.ActiveCfg = Debug|iPhone
		{9FEFAB77-77E8-40AD-836C-D3B2B6823CD9}.Debug|ARM.Build.0 = Debug|iPhone
		{9FEFAB77-77E8-40AD-836C-D3B2B6823CD9}.Debug|ARM.Deploy.0 = Debug|iPhone
		{9FEFAB77-77E8-40AD-836C-D3B2B6823CD9}.Debug|iPhone.ActiveCfg = Debug|iPhone
		{9FEFAB77-77E8-40AD-836C-D3B2B6823CD9}.Debug|iPhone.Build.0 = Debug|iPhone
		{9FEFAB77-77E8-40AD-836C-D3B2B6823CD9}.Debug|iPhone.Deploy.0 = Debug|iPhone
		{9FEFAB77-77E8-40AD-836C-D3B2B6823CD9}.Debug|iPhoneSimulator.ActiveCfg = Debug|iPhoneSimulator
		{9FEFAB77-77E8-40AD-836C-D3B2B6823CD9}.Debug|iPhoneSimulator.Build.0 = Debug|iPhoneSimulator
		{9FEFAB77-77E8-40AD-836C-D3B2B6823CD9}.Debug|iPhoneSimulator.Deploy.0 = Debug|iPhoneSimulator
		{9FEFAB77-77E8-40AD-836C-D3B2B6823CD9}.Debug|x64.ActiveCfg = Debug|iPhone
		{9FEFAB77-77E8-40AD-836C-D3B2B6823CD9}.Debug|x64.Build.0 = Debug|iPhone
		{9FEFAB77-77E8-40AD-836C-D3B2B6823CD9}.Debug|x64.Deploy.0 = Debug|iPhone
		{9FEFAB77-77E8-40AD-836C-D3B2B6823CD9}.Debug|x86.ActiveCfg = Debug|iPhone
		{9FEFAB77-77E8-40AD-836C-D3B2B6823CD9}.Debug|x86.Build.0 = Debug|iPhone
		{9FEFAB77-77E8-40AD-836C-D3B2B6823CD9}.Debug|x86.Deploy.0 = Debug|iPhone
		{9FEFAB77-77E8-40AD-836C-D3B2B6823CD9}.Release|Any CPU.ActiveCfg = Release|iPhone
		{9FEFAB77-77E8-40AD-836C-D3B2B6823CD9}.Release|Any CPU.Build.0 = Release|iPhone
		{9FEFAB77-77E8-40AD-836C-D3B2B6823CD9}.Release|Any CPU.Deploy.0 = Release|iPhone
		{9FEFAB77-77E8-40AD-836C-D3B2B6823CD9}.Release|ARM.ActiveCfg = Release|iPhone
		{9FEFAB77-77E8-40AD-836C-D3B2B6823CD9}.Release|ARM.Build.0 = Release|iPhone
		{9FEFAB77-77E8-40AD-836C-D3B2B6823CD9}.Release|ARM.Deploy.0 = Release|iPhone
		{9FEFAB77-77E8-40AD-836C-D3B2B6823CD9}.Release|iPhone.ActiveCfg = Release|iPhone
		{9FEFAB77-77E8-40AD-836C-D3B2B6823CD9}.Release|iPhone.Build.0 = Release|iPhone
		{9FEFAB77-77E8-40AD-836C-D3B2B6823CD9}.Release|iPhone.Deploy.0 = Release|iPhone
		{9FEFAB77-77E8-40AD-836C-D3B2B6823CD9}.Release|iPhoneSimulator.ActiveCfg = Release|iPhoneSimulator
		{9FEFAB77-77E8-40AD-836C-D3B2B6823CD9}.Release|iPhoneSimulator.Build.0 = Release|iPhoneSimulator
		{9FEFAB77-77E8-40AD-836C-D3B2B6823CD9}.Release|iPhoneSimulator.Deploy.0 = Release|iPhoneSimulator
		{9FEFAB77-77E8-40AD-836C-D3B2B6823CD9}.Release|x64.ActiveCfg = Release|iPhone
		{9FEFAB77-77E8-40AD-836C-D3B2B6823CD9}.Release|x64.Build.0 = Release|iPhone
		{9FEFAB77-77E8-40AD-836C-D3B2B6823CD9}.Release|x64.Deploy.0 = Release|iPhone
		{9FEFAB77-77E8-40AD-836C-D3B2B6823CD9}.Release|x86.ActiveCfg = Release|iPhone
		{9FEFAB77-77E8-40AD-836C-D3B2B6823CD9}.Release|x86.Build.0 = Release|iPhone
		{9FEFAB77-77E8-40AD-836C-D3B2B6823CD9}.Release|x86.Deploy.0 = Release|iPhone
		{1EAE6F75-DCB7-4042-849D-CF7B0E4E0CEC}.Ad-Hoc|Any CPU.ActiveCfg = Debug|Any CPU
		{1EAE6F75-DCB7-4042-849D-CF7B0E4E0CEC}.Ad-Hoc|Any CPU.Build.0 = Debug|Any CPU
		{1EAE6F75-DCB7-4042-849D-CF7B0E4E0CEC}.Ad-Hoc|Any CPU.Deploy.0 = Debug|Any CPU
		{1EAE6F75-DCB7-4042-849D-CF7B0E4E0CEC}.Ad-Hoc|ARM.ActiveCfg = Debug|Any CPU
		{1EAE6F75-DCB7-4042-849D-CF7B0E4E0CEC}.Ad-Hoc|ARM.Build.0 = Debug|Any CPU
		{1EAE6F75-DCB7-4042-849D-CF7B0E4E0CEC}.Ad-Hoc|ARM.Deploy.0 = Debug|Any CPU
		{1EAE6F75-DCB7-4042-849D-CF7B0E4E0CEC}.Ad-Hoc|iPhone.ActiveCfg = Debug|Any CPU
		{1EAE6F75-DCB7-4042-849D-CF7B0E4E0CEC}.Ad-Hoc|iPhone.Build.0 = Debug|Any CPU
		{1EAE6F75-DCB7-4042-849D-CF7B0E4E0CEC}.Ad-Hoc|iPhone.Deploy.0 = Debug|Any CPU
		{1EAE6F75-DCB7-4042-849D-CF7B0E4E0CEC}.Ad-Hoc|iPhoneSimulator.ActiveCfg = Debug|Any CPU
		{1EAE6F75-DCB7-4042-849D-CF7B0E4E0CEC}.Ad-Hoc|iPhoneSimulator.Build.0 = Debug|Any CPU
		{1EAE6F75-DCB7-4042-849D-CF7B0E4E0CEC}.Ad-Hoc|iPhoneSimulator.Deploy.0 = Debug|Any CPU
		{1EAE6F75-DCB7-4042-849D-CF7B0E4E0CEC}.Ad-Hoc|x64.ActiveCfg = Debug|Any CPU
		{1EAE6F75-DCB7-4042-849D-CF7B0E4E0CEC}.Ad-Hoc|x64.Build.0 = Debug|Any CPU
		{1EAE6F75-DCB7-4042-849D-CF7B0E4E0CEC}.Ad-Hoc|x64.Deploy.0 = Debug|Any CPU
		{1EAE6F75-DCB7-4042-849D-CF7B0E4E0CEC}.Ad-Hoc|x86.ActiveCfg = Debug|Any CPU
		{1EAE6F75-DCB7-4042-849D-CF7B0E4E0CEC}.Ad-Hoc|x86.Build.0 = Debug|Any CPU
		{1EAE6F75-DCB7-4042-849D-CF7B0E4E0CEC}.Ad-Hoc|x86.Deploy.0 = Debug|Any CPU
		{1EAE6F75-DCB7-4042-849D-CF7B0E4E0CEC}.AppStore|Any CPU.ActiveCfg = Debug|Any CPU
		{1EAE6F75-DCB7-4042-849D-CF7B0E4E0CEC}.AppStore|Any CPU.Build.0 = Debug|Any CPU
		{1EAE6F75-DCB7-4042-849D-CF7B0E4E0CEC}.AppStore|Any CPU.Deploy.0 = Debug|Any CPU
		{1EAE6F75-DCB7-4042-849D-CF7B0E4E0CEC}.AppStore|ARM.ActiveCfg = Debug|Any CPU
		{1EAE6F75-DCB7-4042-849D-CF7B0E4E0CEC}.AppStore|ARM.Build.0 = Debug|Any CPU
		{1EAE6F75-DCB7-4042-849D-CF7B0E4E0CEC}.AppStore|ARM.Deploy.0 = Debug|Any CPU
		{1EAE6F75-DCB7-4042-849D-CF7B0E4E0CEC}.AppStore|iPhone.ActiveCfg = Debug|Any CPU
		{1EAE6F75-DCB7-4042-849D-CF7B0E4E0CEC}.AppStore|iPhone.Build.0 = Debug|Any CPU
		{1EAE6F75-DCB7-4042-849D-CF7B0E4E0CEC}.AppStore|iPhone.Deploy.0 = Debug|Any CPU
		{1EAE6F75-DCB7-4042-849D-CF7B0E4E0CEC}.AppStore|iPhoneSimulator.ActiveCfg = Debug|Any CPU
		{1EAE6F75-DCB7-4042-849D-CF7B0E4E0CEC}.AppStore|iPhoneSimulator.Build.0 = Debug|Any CPU
		{1EAE6F75-DCB7-4042-849D-CF7B0E4E0CEC}.AppStore|iPhoneSimulator.Deploy.0 = Debug|Any CPU
		{1EAE6F75-DCB7-4042-849D-CF7B0E4E0CEC}.AppStore|x64.ActiveCfg = Debug|Any CPU
		{1EAE6F75-DCB7-4042-849D-CF7B0E4E0CEC}.AppStore|x64.Build.0 = Debug|Any CPU
		{1EAE6F75-DCB7-4042-849D-CF7B0E4E0CEC}.AppStore|x64.Deploy.0 = Debug|Any CPU
		{1EAE6F75-DCB7-4042-849D-CF7B0E4E0CEC}.AppStore|x86.ActiveCfg = Debug|Any CPU
		{1EAE6F75-DCB7-4042-849D-CF7B0E4E0CEC}.AppStore|x86.Build.0 = Debug|Any CPU
		{1EAE6F75-DCB7-4042-849D-CF7B0E4E0CEC}.AppStore|x86.Deploy.0 = Debug|Any CPU
		{1EAE6F75-DCB7-4042-849D-CF7B0E4E0CEC}.Debug|Any CPU.ActiveCfg = Debug|Any CPU
		{1EAE6F75-DCB7-4042-849D-CF7B0E4E0CEC}.Debug|Any CPU.Build.0 = Debug|Any CPU
		{1EAE6F75-DCB7-4042-849D-CF7B0E4E0CEC}.Debug|Any CPU.Deploy.0 = Debug|Any CPU
		{1EAE6F75-DCB7-4042-849D-CF7B0E4E0CEC}.Debug|ARM.ActiveCfg = Debug|Any CPU
		{1EAE6F75-DCB7-4042-849D-CF7B0E4E0CEC}.Debug|ARM.Build.0 = Debug|Any CPU
		{1EAE6F75-DCB7-4042-849D-CF7B0E4E0CEC}.Debug|ARM.Deploy.0 = Debug|Any CPU
		{1EAE6F75-DCB7-4042-849D-CF7B0E4E0CEC}.Debug|iPhone.ActiveCfg = Debug|Any CPU
		{1EAE6F75-DCB7-4042-849D-CF7B0E4E0CEC}.Debug|iPhone.Build.0 = Debug|Any CPU
		{1EAE6F75-DCB7-4042-849D-CF7B0E4E0CEC}.Debug|iPhone.Deploy.0 = Debug|Any CPU
		{1EAE6F75-DCB7-4042-849D-CF7B0E4E0CEC}.Debug|iPhoneSimulator.ActiveCfg = Debug|Any CPU
		{1EAE6F75-DCB7-4042-849D-CF7B0E4E0CEC}.Debug|iPhoneSimulator.Build.0 = Debug|Any CPU
		{1EAE6F75-DCB7-4042-849D-CF7B0E4E0CEC}.Debug|iPhoneSimulator.Deploy.0 = Debug|Any CPU
		{1EAE6F75-DCB7-4042-849D-CF7B0E4E0CEC}.Debug|x64.ActiveCfg = Debug|Any CPU
		{1EAE6F75-DCB7-4042-849D-CF7B0E4E0CEC}.Debug|x64.Build.0 = Debug|Any CPU
		{1EAE6F75-DCB7-4042-849D-CF7B0E4E0CEC}.Debug|x64.Deploy.0 = Debug|Any CPU
		{1EAE6F75-DCB7-4042-849D-CF7B0E4E0CEC}.Debug|x86.ActiveCfg = Debug|Any CPU
		{1EAE6F75-DCB7-4042-849D-CF7B0E4E0CEC}.Debug|x86.Build.0 = Debug|Any CPU
		{1EAE6F75-DCB7-4042-849D-CF7B0E4E0CEC}.Debug|x86.Deploy.0 = Debug|Any CPU
		{1EAE6F75-DCB7-4042-849D-CF7B0E4E0CEC}.Release|Any CPU.ActiveCfg = Release|Any CPU
		{1EAE6F75-DCB7-4042-849D-CF7B0E4E0CEC}.Release|Any CPU.Build.0 = Release|Any CPU
		{1EAE6F75-DCB7-4042-849D-CF7B0E4E0CEC}.Release|Any CPU.Deploy.0 = Release|Any CPU
		{1EAE6F75-DCB7-4042-849D-CF7B0E4E0CEC}.Release|ARM.ActiveCfg = Release|Any CPU
		{1EAE6F75-DCB7-4042-849D-CF7B0E4E0CEC}.Release|ARM.Build.0 = Release|Any CPU
		{1EAE6F75-DCB7-4042-849D-CF7B0E4E0CEC}.Release|ARM.Deploy.0 = Release|Any CPU
		{1EAE6F75-DCB7-4042-849D-CF7B0E4E0CEC}.Release|iPhone.ActiveCfg = Release|Any CPU
		{1EAE6F75-DCB7-4042-849D-CF7B0E4E0CEC}.Release|iPhone.Build.0 = Release|Any CPU
		{1EAE6F75-DCB7-4042-849D-CF7B0E4E0CEC}.Release|iPhone.Deploy.0 = Release|Any CPU
		{1EAE6F75-DCB7-4042-849D-CF7B0E4E0CEC}.Release|iPhoneSimulator.ActiveCfg = Release|Any CPU
		{1EAE6F75-DCB7-4042-849D-CF7B0E4E0CEC}.Release|iPhoneSimulator.Build.0 = Release|Any CPU
		{1EAE6F75-DCB7-4042-849D-CF7B0E4E0CEC}.Release|iPhoneSimulator.Deploy.0 = Release|Any CPU
		{1EAE6F75-DCB7-4042-849D-CF7B0E4E0CEC}.Release|x64.ActiveCfg = Release|Any CPU
		{1EAE6F75-DCB7-4042-849D-CF7B0E4E0CEC}.Release|x64.Build.0 = Release|Any CPU
		{1EAE6F75-DCB7-4042-849D-CF7B0E4E0CEC}.Release|x64.Deploy.0 = Release|Any CPU
		{1EAE6F75-DCB7-4042-849D-CF7B0E4E0CEC}.Release|x86.ActiveCfg = Release|Any CPU
		{1EAE6F75-DCB7-4042-849D-CF7B0E4E0CEC}.Release|x86.Build.0 = Release|Any CPU
		{1EAE6F75-DCB7-4042-849D-CF7B0E4E0CEC}.Release|x86.Deploy.0 = Release|Any CPU
		{C5F80730-F44F-4478-BDAE-6634EFC2CA88}.Ad-Hoc|Any CPU.ActiveCfg = Release|Win32
		{C5F80730-F44F-4478-BDAE-6634EFC2CA88}.Ad-Hoc|Any CPU.Build.0 = Release|Win32
		{C5F80730-F44F-4478-BDAE-6634EFC2CA88}.Ad-Hoc|ARM.ActiveCfg = Release|Win32
		{C5F80730-F44F-4478-BDAE-6634EFC2CA88}.Ad-Hoc|ARM.Build.0 = Release|Win32
		{C5F80730-F44F-4478-BDAE-6634EFC2CA88}.Ad-Hoc|iPhone.ActiveCfg = Release|Win32
		{C5F80730-F44F-4478-BDAE-6634EFC2CA88}.Ad-Hoc|iPhone.Build.0 = Release|Win32
		{C5F80730-F44F-4478-BDAE-6634EFC2CA88}.Ad-Hoc|iPhoneSimulator.ActiveCfg = Release|Win32
		{C5F80730-F44F-4478-BDAE-6634EFC2CA88}.Ad-Hoc|iPhoneSimulator.Build.0 = Release|Win32
		{C5F80730-F44F-4478-BDAE-6634EFC2CA88}.Ad-Hoc|x64.ActiveCfg = Release|Win32
		{C5F80730-F44F-4478-BDAE-6634EFC2CA88}.Ad-Hoc|x64.Build.0 = Release|Win32
		{C5F80730-F44F-4478-BDAE-6634EFC2CA88}.Ad-Hoc|x86.ActiveCfg = Release|Win32
		{C5F80730-F44F-4478-BDAE-6634EFC2CA88}.Ad-Hoc|x86.Build.0 = Release|Win32
		{C5F80730-F44F-4478-BDAE-6634EFC2CA88}.AppStore|Any CPU.ActiveCfg = Release|Win32
		{C5F80730-F44F-4478-BDAE-6634EFC2CA88}.AppStore|Any CPU.Build.0 = Release|Win32
		{C5F80730-F44F-4478-BDAE-6634EFC2CA88}.AppStore|ARM.ActiveCfg = Release|Win32
		{C5F80730-F44F-4478-BDAE-6634EFC2CA88}.AppStore|ARM.Build.0 = Release|Win32
		{C5F80730-F44F-4478-BDAE-6634EFC2CA88}.AppStore|iPhone.ActiveCfg = Release|Win32
		{C5F80730-F44F-4478-BDAE-6634EFC2CA88}.AppStore|iPhone.Build.0 = Release|Win32
		{C5F80730-F44F-4478-BDAE-6634EFC2CA88}.AppStore|iPhoneSimulator.ActiveCfg = Release|Win32
		{C5F80730-F44F-4478-BDAE-6634EFC2CA88}.AppStore|iPhoneSimulator.Build.0 = Release|Win32
		{C5F80730-F44F-4478-BDAE-6634EFC2CA88}.AppStore|x64.ActiveCfg = Release|Win32
		{C5F80730-F44F-4478-BDAE-6634EFC2CA88}.AppStore|x64.Build.0 = Release|Win32
		{C5F80730-F44F-4478-BDAE-6634EFC2CA88}.AppStore|x86.ActiveCfg = Release|Win32
		{C5F80730-F44F-4478-BDAE-6634EFC2CA88}.AppStore|x86.Build.0 = Release|Win32
		{C5F80730-F44F-4478-BDAE-6634EFC2CA88}.Debug|Any CPU.ActiveCfg = Debug|Win32
		{C5F80730-F44F-4478-BDAE-6634EFC2CA88}.Debug|ARM.ActiveCfg = Debug|Win32
		{C5F80730-F44F-4478-BDAE-6634EFC2CA88}.Debug|iPhone.ActiveCfg = Debug|Win32
		{C5F80730-F44F-4478-BDAE-6634EFC2CA88}.Debug|iPhoneSimulator.ActiveCfg = Debug|Win32
		{C5F80730-F44F-4478-BDAE-6634EFC2CA88}.Debug|x64.ActiveCfg = Debug|Win32
		{C5F80730-F44F-4478-BDAE-6634EFC2CA88}.Debug|x86.ActiveCfg = Debug|Win32
		{C5F80730-F44F-4478-BDAE-6634EFC2CA88}.Debug|x86.Build.0 = Debug|Win32
		{C5F80730-F44F-4478-BDAE-6634EFC2CA88}.Release|Any CPU.ActiveCfg = Release|Win32
		{C5F80730-F44F-4478-BDAE-6634EFC2CA88}.Release|ARM.ActiveCfg = Release|Win32
		{C5F80730-F44F-4478-BDAE-6634EFC2CA88}.Release|iPhone.ActiveCfg = Release|Win32
		{C5F80730-F44F-4478-BDAE-6634EFC2CA88}.Release|iPhoneSimulator.ActiveCfg = Release|Win32
		{C5F80730-F44F-4478-BDAE-6634EFC2CA88}.Release|x64.ActiveCfg = Release|Win32
		{C5F80730-F44F-4478-BDAE-6634EFC2CA88}.Release|x86.ActiveCfg = Release|Win32
		{C5F80730-F44F-4478-BDAE-6634EFC2CA88}.Release|x86.Build.0 = Release|Win32
	EndGlobalSection
	GlobalSection(SolutionProperties) = preSolution
		HideSolutionNode = FALSE
	EndGlobalSection
	GlobalSection(ExtensibilityGlobals) = postSolution
		SolutionGuid = {FD67AE16-BF30-449A-A17B-7681B8B555BF}
	EndGlobalSection
EndGlobal
